
Microsoft Visual Studio Solution File, Format Version 12.00
# Visual Studio Version 17
VisualStudioVersion = 17.13.35818.85 d17.13
MinimumVisualStudioVersion = 10.0.40219.1
Project("{FAE04EC0-301F-11D3-BF4B-00C04F79EFBC}") = "TextRPGTest", "TextRPGTest\TextRPGTest.csproj", "{15FBAAB4-C08E-41B3-93DD-6362DA095A71}"
EndProject
Global
	GlobalSection(SolutionConfigurationPlatforms) = preSolution
		Debug|Any CPU = Debug|Any CPU
		Release|Any CPU = Release|Any CPU
	EndGlobalSection
	GlobalSection(ProjectConfigurationPlatforms) = postSolution
		{15FBAAB4-C08E-41B3-93DD-6362DA095A71}.Debug|Any CPU.ActiveCfg = Debug|Any CPU
		{15FBAAB4-C08E-41B3-93DD-6362DA095A71}.Debug|Any CPU.Build.0 = Debug|Any CPU
		{15FBAAB4-C08E-41B3-93DD-6362DA095A71}.Release|Any CPU.ActiveCfg = Release|Any CPU
		{15FBAAB4-C08E-41B3-93DD-6362DA095A71}.Release|Any CPU.Build.0 = Release|Any CPU
	EndGlobalSection
	GlobalSection(SolutionProperties) = preSolution
		HideSolutionNode = FALSE
	EndGlobalSection
	GlobalSection(ExtensibilityGlobals) = postSolution
		SolutionGuid = {82C42CF1-B945-4CDE-A8B2-0702C21DEABF}
	EndGlobalSection
EndGlobal
