
Microsoft Visual Studio Solution File, Format Version 12.00
# Visual Studio Version 17
VisualStudioVersion = 17.13.35818.85 d17.13
MinimumVisualStudioVersion = 10.0.40219.1
Project("{FAE04EC0-301F-11D3-BF4B-00C04F79EFBC}") = "LikeLion14", "LikeLion14\LikeLion14.csproj", "{BDBFDB99-CA77-4721-8C36-2FFED98C53EA}"
EndProject
Global
	GlobalSection(SolutionConfigurationPlatforms) = preSolution
		Debug|Any CPU = Debug|Any CPU
		Release|Any CPU = Release|Any CPU
	EndGlobalSection
	GlobalSection(ProjectConfigurationPlatforms) = postSolution
		{BDBFDB99-CA77-4721-8C36-2FFED98C53EA}.Debug|Any CPU.ActiveCfg = Debug|Any CPU
		{BDBFDB99-CA77-4721-8C36-2FFED98C53EA}.Debug|Any CPU.Build.0 = Debug|Any CPU
		{BDBFDB99-CA77-4721-8C36-2FFED98C53EA}.Release|Any CPU.ActiveCfg = Release|Any CPU
		{BDBFDB99-CA77-4721-8C36-2FFED98C53EA}.Release|Any CPU.Build.0 = Release|Any CPU
	EndGlobalSection
	GlobalSection(SolutionProperties) = preSolution
		HideSolutionNode = FALSE
	EndGlobalSection
	GlobalSection(ExtensibilityGlobals) = postSolution
		SolutionGuid = {8DBDBF29-0956-41C8-AE8F-528CD6429010}
	EndGlobalSection
EndGlobal
