
Microsoft Visual Studio Solution File, Format Version 12.00
# Visual Studio Version 17
VisualStudioVersion = 17.13.35818.85 d17.13
MinimumVisualStudioVersion = 10.0.40219.1
Project("{FAE04EC0-301F-11D3-BF4B-00C04F79EFBC}") = "LikeLion01", "LikeLion01\LikeLion01.csproj", "{93BE20A8-624C-41BD-8FD7-1B64AF94C892}"
EndProject
Global
	GlobalSection(SolutionConfigurationPlatforms) = preSolution
		Debug|Any CPU = Debug|Any CPU
		Release|Any CPU = Release|Any CPU
	EndGlobalSection
	GlobalSection(ProjectConfigurationPlatforms) = postSolution
		{93BE20A8-624C-41BD-8FD7-1B64AF94C892}.Debug|Any CPU.ActiveCfg = Debug|Any CPU
		{93BE20A8-624C-41BD-8FD7-1B64AF94C892}.Debug|Any CPU.Build.0 = Debug|Any CPU
		{93BE20A8-624C-41BD-8FD7-1B64AF94C892}.Release|Any CPU.ActiveCfg = Release|Any CPU
		{93BE20A8-624C-41BD-8FD7-1B64AF94C892}.Release|Any CPU.Build.0 = Release|Any CPU
	EndGlobalSection
	GlobalSection(SolutionProperties) = preSolution
		HideSolutionNode = FALSE
	EndGlobalSection
	GlobalSection(ExtensibilityGlobals) = postSolution
		SolutionGuid = {C6875217-0ED4-43AC-9B4C-F5A6156141EA}
	EndGlobalSection
EndGlobal
