
Microsoft Visual Studio Solution File, Format Version 12.00
# Visual Studio Version 17
VisualStudioVersion = 17.13.35818.85 d17.13
MinimumVisualStudioVersion = 10.0.40219.1
Project("{FAE04EC0-301F-11D3-BF4B-00C04F79EFBC}") = "LikeLion10", "LikeLion10\LikeLion10.csproj", "{970541C1-7A9D-4FB9-A4A8-75957CDDFE28}"
EndProject
Global
	GlobalSection(SolutionConfigurationPlatforms) = preSolution
		Debug|Any CPU = Debug|Any CPU
		Release|Any CPU = Release|Any CPU
	EndGlobalSection
	GlobalSection(ProjectConfigurationPlatforms) = postSolution
		{970541C1-7A9D-4FB9-A4A8-75957CDDFE28}.Debug|Any CPU.ActiveCfg = Debug|Any CPU
		{970541C1-7A9D-4FB9-A4A8-75957CDDFE28}.Debug|Any CPU.Build.0 = Debug|Any CPU
		{970541C1-7A9D-4FB9-A4A8-75957CDDFE28}.Release|Any CPU.ActiveCfg = Release|Any CPU
		{970541C1-7A9D-4FB9-A4A8-75957CDDFE28}.Release|Any CPU.Build.0 = Release|Any CPU
	EndGlobalSection
	GlobalSection(SolutionProperties) = preSolution
		HideSolutionNode = FALSE
	EndGlobalSection
	GlobalSection(ExtensibilityGlobals) = postSolution
		SolutionGuid = {260CCA66-77E7-48B5-B35B-F1C746CCA4F6}
	EndGlobalSection
EndGlobal
