
Microsoft Visual Studio Solution File, Format Version 12.00
# Visual Studio Version 17
VisualStudioVersion = 17.13.35818.85 d17.13
MinimumVisualStudioVersion = 10.0.40219.1
Project("{FAE04EC0-301F-11D3-BF4B-00C04F79EFBC}") = "LikeLion23", "LikeLion23\LikeLion23.csproj", "{DFA0DA29-DF33-43B8-B4AD-9CB5E6AD5334}"
EndProject
Global
	GlobalSection(SolutionConfigurationPlatforms) = preSolution
		Debug|Any CPU = Debug|Any CPU
		Release|Any CPU = Release|Any CPU
	EndGlobalSection
	GlobalSection(ProjectConfigurationPlatforms) = postSolution
		{DFA0DA29-DF33-43B8-B4AD-9CB5E6AD5334}.Debug|Any CPU.ActiveCfg = Debug|Any CPU
		{DFA0DA29-DF33-43B8-B4AD-9CB5E6AD5334}.Debug|Any CPU.Build.0 = Debug|Any CPU
		{DFA0DA29-DF33-43B8-B4AD-9CB5E6AD5334}.Release|Any CPU.ActiveCfg = Release|Any CPU
		{DFA0DA29-DF33-43B8-B4AD-9CB5E6AD5334}.Release|Any CPU.Build.0 = Release|Any CPU
	EndGlobalSection
	GlobalSection(SolutionProperties) = preSolution
		HideSolutionNode = FALSE
	EndGlobalSection
	GlobalSection(ExtensibilityGlobals) = postSolution
		SolutionGuid = {CB6D9793-0769-4E29-89A2-37B798A15435}
	EndGlobalSection
EndGlobal
