
Microsoft Visual Studio Solution File, Format Version 12.00
# Visual Studio Version 17
VisualStudioVersion = 17.13.35818.85 d17.13
MinimumVisualStudioVersion = 10.0.40219.1
Project("{FAE04EC0-301F-11D3-BF4B-00C04F79EFBC}") = "LikeLion07", "LikeLion07\LikeLion07.csproj", "{489654E6-3DBA-4B4F-AC46-24B10F19ECD2}"
EndProject
Global
	GlobalSection(SolutionConfigurationPlatforms) = preSolution
		Debug|Any CPU = Debug|Any CPU
		Release|Any CPU = Release|Any CPU
	EndGlobalSection
	GlobalSection(ProjectConfigurationPlatforms) = postSolution
		{489654E6-3DBA-4B4F-AC46-24B10F19ECD2}.Debug|Any CPU.ActiveCfg = Debug|Any CPU
		{489654E6-3DBA-4B4F-AC46-24B10F19ECD2}.Debug|Any CPU.Build.0 = Debug|Any CPU
		{489654E6-3DBA-4B4F-AC46-24B10F19ECD2}.Release|Any CPU.ActiveCfg = Release|Any CPU
		{489654E6-3DBA-4B4F-AC46-24B10F19ECD2}.Release|Any CPU.Build.0 = Release|Any CPU
	EndGlobalSection
	GlobalSection(SolutionProperties) = preSolution
		HideSolutionNode = FALSE
	EndGlobalSection
	GlobalSection(ExtensibilityGlobals) = postSolution
		SolutionGuid = {53C11192-6794-4485-83EE-954C154FEBA8}
	EndGlobalSection
EndGlobal
